<?xml version="1.0" encoding="UTF-8"?>
<Scheme
   version = "1.3">
   <BuildAction>
      <BuildActionEntries>
         <BuildActionEntry
            buildForRunning = "YES">
            <BuildableReference
               BuildableIdentifier = "primary"
               BlueprintIdentifier = "77FA48C92333C9B80014651F"
               BuildableName = "LocalizedStringsTool"
               BlueprintName = "LocalizedStringsTool"
               ReferencedContainer = "container:LocalizedStringsTool.xcodeproj">
            </BuildableReference>
         </BuildActionEntry>
      </BuildActionEntries>
   </BuildAction>
   <LaunchAction
      useCustomWorkingDirectory = "NO"
      buildConfiguration = "Debug"
      allowLocationSimulation = "YES">
      <BuildableProductRunnable>
         <BuildableReference
            BuildableIdentifier = "primary"
            BlueprintIdentifier = "77FA48C92333C9B80014651F"
            BuildableName = "LocalizedStringsTool"
            BlueprintName = "LocalizedStringsTool"
            ReferencedContainer = "container:LocalizedStringsTool.xcodeproj">
         </BuildableReference>
      </BuildableProductRunnable>
   </LaunchAction>
</Scheme>
